
Microsoft Visual Studio Solution File, Format Version 12.00
# Visual Studio Version 17
VisualStudioVersion = 17.12.35707.178 d17.12
MinimumVisualStudioVersion = 10.0.40219.1
Project("{FAE04EC0-301F-11D3-BF4B-00C04F79EFBC}") = "UserRegistration", "UserRegistration.csproj", "{F8AC89EB-764A-41DE-B377-D57AE9FBC042}"
EndProject
Project("{FAE04EC0-301F-11D3-BF4B-00C04F79EFBC}") = "BusinessLayerV2", "..\BusinessLayerV2\BusinessLayerV2.csproj", "{6296D141-9E31-4F28-AE35-0A17B4F4BF62}"
EndProject
Project("{FAE04EC0-301F-11D3-BF4B-00C04F79EFBC}") = "RepositoryLayerV2", "..\RepositoryLayerV2\RepositoryLayerV2.csproj", "{ECD89A3F-56B3-4847-8173-1322DECD1B57}"
EndProject
Global
	GlobalSection(SolutionConfigurationPlatforms) = preSolution
		Debug|Any CPU = Debug|Any CPU
		Release|Any CPU = Release|Any CPU
	EndGlobalSection
	GlobalSection(ProjectConfigurationPlatforms) = postSolution
		{F8AC89EB-764A-41DE-B377-D57AE9FBC042}.Debug|Any CPU.ActiveCfg = Debug|Any CPU
		{F8AC89EB-764A-41DE-B377-D57AE9FBC042}.Debug|Any CPU.Build.0 = Debug|Any CPU
		{F8AC89EB-764A-41DE-B377-D57AE9FBC042}.Release|Any CPU.ActiveCfg = Release|Any CPU
		{F8AC89EB-764A-41DE-B377-D57AE9FBC042}.Release|Any CPU.Build.0 = Release|Any CPU
		{6296D141-9E31-4F28-AE35-0A17B4F4BF62}.Debug|Any CPU.ActiveCfg = Debug|Any CPU
		{6296D141-9E31-4F28-AE35-0A17B4F4BF62}.Debug|Any CPU.Build.0 = Debug|Any CPU
		{6296D141-9E31-4F28-AE35-0A17B4F4BF62}.Release|Any CPU.ActiveCfg = Release|Any CPU
		{6296D141-9E31-4F28-AE35-0A17B4F4BF62}.Release|Any CPU.Build.0 = Release|Any CPU
		{ECD89A3F-56B3-4847-8173-1322DECD1B57}.Debug|Any CPU.ActiveCfg = Debug|Any CPU
		{ECD89A3F-56B3-4847-8173-1322DECD1B57}.Debug|Any CPU.Build.0 = Debug|Any CPU
		{ECD89A3F-56B3-4847-8173-1322DECD1B57}.Release|Any CPU.ActiveCfg = Release|Any CPU
		{ECD89A3F-56B3-4847-8173-1322DECD1B57}.Release|Any CPU.Build.0 = Release|Any CPU
	EndGlobalSection
	GlobalSection(SolutionProperties) = preSolution
		HideSolutionNode = FALSE
	EndGlobalSection
EndGlobal
